dependencies:
- name: catalogue
  repository: file://../charts/catalogue
  version: 0.1.0
- name: frontend
  repository: file://../charts/frontend
  version: 0.1.0
- name: recommendation
  repository: file://../charts/recommendation
  version: 0.1.0
- name: voting
  repository: file://../charts/voting
  version: 0.1.0
digest: sha256:547631dc3d6160506b97913a42f77664a59bb794b71b4bb3a45420d718e9fdbc
generated: "2025-05-06T12:20:07.749725+01:00"
