dependencies:
- name: catalogue
  repository: file://service-charts/catalogue
  version: 0.1.0
- name: catalogue-db
  repository: file://service-charts/catalogue-db
  version: 0.1.0
- name: frontend
  repository: file://service-charts/frontend
  version: 0.1.0
- name: recommendation
  repository: file://service-charts/recommendation
  version: 0.1.0
- name: voting
  repository: file://service-charts/voting
  version: 0.1.0
digest: sha256:f33e21e0c05ec343d20aab5a20775643577afd7af5917ad02d0c338894545076
generated: "2025-05-07T16:05:17.047728+01:00"
